
Microsoft Visual Studio Solution File, Format Version 12.00
# Visual Studio Version 17
VisualStudioVersion = 17.1.32328.378
MinimumVisualStudioVersion = 10.0.40219.1
Project("{8BC9CEB8-8B4A-11D0-8D11-00A0C91BC942}") = "WindowsProject1", "WindowsProject1.vcxproj", "{9D8C0764-793F-421C-88A2-002A1DDB1340}"
EndProject
Global
	GlobalSection(SolutionConfigurationPlatforms) = preSolution
		Debug|x64 = Debug|x64
		Debug|x86 = Debug|x86
		Release|x64 = Release|x64
		Release|x86 = Release|x86
	EndGlobalSection
	GlobalSection(ProjectConfigurationPlatforms) = postSolution
		{9D8C0764-793F-421C-88A2-002A1DDB1340}.Debug|x64.ActiveCfg = Debug|x64
		{9D8C0764-793F-421C-88A2-002A1DDB1340}.Debug|x64.Build.0 = Debug|x64
		{9D8C0764-793F-421C-88A2-002A1DDB1340}.Debug|x86.ActiveCfg = Debug|Win32
		{9D8C0764-793F-421C-88A2-002A1DDB1340}.Debug|x86.Build.0 = Debug|Win32
		{9D8C0764-793F-421C-88A2-002A1DDB1340}.Release|x64.ActiveCfg = Release|x64
		{9D8C0764-793F-421C-88A2-002A1DDB1340}.Release|x64.Build.0 = Release|x64
		{9D8C0764-793F-421C-88A2-002A1DDB1340}.Release|x86.ActiveCfg = Release|Win32
		{9D8C0764-793F-421C-88A2-002A1DDB1340}.Release|x86.Build.0 = Release|Win32
	EndGlobalSection
	GlobalSection(SolutionProperties) = preSolution
		HideSolutionNode = FALSE
	EndGlobalSection
	GlobalSection(ExtensibilityGlobals) = postSolution
		SolutionGuid = {02FD8D7D-C120-4D87-98F5-3F29C7849907}
	EndGlobalSection
EndGlobal
